// !$*UTF8*$!
{
	archiveVersion = 1;
	classes = {
	};
	objectVersion = 55;
	objects = {

/* Begin PBXBuildFile section */
		4F5D4E73540AFA0564D74F4A /* Pods_FunctionalIndependenceMeasure.framework in Frameworks */ = {isa = PBXBuildFile; fileRef = B5D873669A06498340DC49B0 /* Pods_FunctionalIndependenceMeasure.framework */; };
		B20E68DB276DB6C1008CD04E /* Assessment.storyboard in Resources */ = {isa = PBXBuildFile; fileRef = B20E68DA276DB6C1008CD04E /* Assessment.storyboard */; };
		B20E68DD276DB723008CD04E /* FIMTable.storyboard in Resources */ = {isa = PBXBuildFile; fileRef = B20E68DC276DB723008CD04E /* FIMTable.storyboard */; };
		B20E68E0276DB74E008CD04E /* InputFIM.storyboard in Resources */ = {isa = PBXBuildFile; fileRef = B20E68DF276DB74D008CD04E /* InputFIM.storyboard */; };
		B20E68E2276DBDEA008CD04E /* FIM.json in Resources */ = {isa = PBXBuildFile; fileRef = B20E68E1276DBDE9008CD04E /* FIM.json */; };
		B22FBEFE275FFA8600DA71C8 /* InputAssessor.storyboard in Resources */ = {isa = PBXBuildFile; fileRef = B22FBEFD275FFA8600DA71C8 /* InputAssessor.storyboard */; };
		B22FBF00275FFCB200DA71C8 /* TargetPerson.storyboard in Resources */ = {isa = PBXBuildFile; fileRef = B22FBEFF275FFCB200DA71C8 /* TargetPerson.storyboard */; };
		B22FBF02275FFCC900DA71C8 /* InputTargetPerson.storyboard in Resources */ = {isa = PBXBuildFile; fileRef = B22FBF01275FFCC900DA71C8 /* InputTargetPerson.storyboard */; };
		B237714F275EA64D00A48640 /* AppDelegate.swift in Sources */ = {isa = PBXBuildFile; fileRef = B237714E275EA64D00A48640 /* AppDelegate.swift */; };
		B2377151275EA64D00A48640 /* SceneDelegate.swift in Sources */ = {isa = PBXBuildFile; fileRef = B2377150275EA64D00A48640 /* SceneDelegate.swift */; };
		B2377156275EA64D00A48640 /* Main.storyboard in Resources */ = {isa = PBXBuildFile; fileRef = B2377154275EA64D00A48640 /* Main.storyboard */; };
		B2377158275EA64E00A48640 /* Assets.xcassets in Resources */ = {isa = PBXBuildFile; fileRef = B2377157275EA64E00A48640 /* Assets.xcassets */; };
		B237715B275EA64E00A48640 /* LaunchScreen.storyboard in Resources */ = {isa = PBXBuildFile; fileRef = B2377159275EA64E00A48640 /* LaunchScreen.storyboard */; };
		B2377163275EA67A00A48640 /* AssessorTableViewController.swift in Sources */ = {isa = PBXBuildFile; fileRef = B2377162275EA67A00A48640 /* AssessorTableViewController.swift */; };
		B2377165275EA6BC00A48640 /* TargetPersonTableViewController.swift in Sources */ = {isa = PBXBuildFile; fileRef = B2377164275EA6BC00A48640 /* TargetPersonTableViewController.swift */; };
		B2377167275EA6E300A48640 /* InputAssessorViewController.swift in Sources */ = {isa = PBXBuildFile; fileRef = B2377166275EA6E200A48640 /* InputAssessorViewController.swift */; };
		B237716D275EA97000A48640 /* FunctionSelectionViewController.swift in Sources */ = {isa = PBXBuildFile; fileRef = B237716C275EA97000A48640 /* FunctionSelectionViewController.swift */; };
		B237716F275EAA0F00A48640 /* AssessmentViewController.swift in Sources */ = {isa = PBXBuildFile; fileRef = B237716E275EAA0F00A48640 /* AssessmentViewController.swift */; };
		B2377171275EAA2F00A48640 /* FIMViewController.swift in Sources */ = {isa = PBXBuildFile; fileRef = B2377170275EAA2F00A48640 /* FIMViewController.swift */; };
		B2377173275EAA4500A48640 /* InputFIMViewController.swift in Sources */ = {isa = PBXBuildFile; fileRef = B2377172275EAA4500A48640 /* InputFIMViewController.swift */; };
		B2377175275EAAB100A48640 /* FIMTableViewController.swift in Sources */ = {isa = PBXBuildFile; fileRef = B2377174275EAAB100A48640 /* FIMTableViewController.swift */; };
		B237717A275EAB8F00A48640 /* AssessorTableViewCell.swift in Sources */ = {isa = PBXBuildFile; fileRef = B2377179275EAB8F00A48640 /* AssessorTableViewCell.swift */; };
		B237717C275EABA300A48640 /* TargetPersonTableViewCell.swift in Sources */ = {isa = PBXBuildFile; fileRef = B237717B275EABA300A48640 /* TargetPersonTableViewCell.swift */; };
		B237717E275EABB600A48640 /* FIMTableViewCell.swift in Sources */ = {isa = PBXBuildFile; fileRef = B237717D275EABB600A48640 /* FIMTableViewCell.swift */; };
		B2377181275EACD200A48640 /* FIM.swift in Sources */ = {isa = PBXBuildFile; fileRef = B2377180275EACD200A48640 /* FIM.swift */; };
		B2377183275EACE400A48640 /* FIMRepository.swift in Sources */ = {isa = PBXBuildFile; fileRef = B2377182275EACE400A48640 /* FIMRepository.swift */; };
		B2377186275EBF4000A48640 /* InputTargetPersonViewController.swift in Sources */ = {isa = PBXBuildFile; fileRef = B2377185275EBF4000A48640 /* InputTargetPersonViewController.swift */; };
		B23EA88B27614BC2000B64C7 /* FunctionSelection.storyboard in Resources */ = {isa = PBXBuildFile; fileRef = B23EA88A27614BC2000B64C7 /* FunctionSelection.storyboard */; };
		B2549E40276E84760026127D /* FIM.storyboard in Resources */ = {isa = PBXBuildFile; fileRef = B2549E3F276E84760026127D /* FIM.storyboard */; };
/* End PBXBuildFile section */

/* Begin PBXFileReference section */
		4D8B94B1CE89B91CB532BA3A /* Pods-FunctionalIndependenceMeasure.debug.xcconfig */ = {isa = PBXFileReference; includeInIndex = 1; lastKnownFileType = text.xcconfig; name = "Pods-FunctionalIndependenceMeasure.debug.xcconfig"; path = "Target Support Files/Pods-FunctionalIndependenceMeasure/Pods-FunctionalIndependenceMeasure.debug.xcconfig"; sourceTree = "<group>"; };
		B20E68DA276DB6C1008CD04E /* Assessment.storyboard */ = {isa = PBXFileReference; lastKnownFileType = file.storyboard; path = Assessment.storyboard; sourceTree = "<group>"; };
		B20E68DC276DB723008CD04E /* FIMTable.storyboard */ = {isa = PBXFileReference; lastKnownFileType = file.storyboard; path = FIMTable.storyboard; sourceTree = "<group>"; };
		B20E68DF276DB74D008CD04E /* InputFIM.storyboard */ = {isa = PBXFileReference; lastKnownFileType = file.storyboard; path = InputFIM.storyboard; sourceTree = "<group>"; };
		B20E68E1276DBDE9008CD04E /* FIM.json */ = {isa = PBXFileReference; fileEncoding = 4; lastKnownFileType = text.json; path = FIM.json; sourceTree = "<group>"; };
		B22FBEFD275FFA8600DA71C8 /* InputAssessor.storyboard */ = {isa = PBXFileReference; lastKnownFileType = file.storyboard; path = InputAssessor.storyboard; sourceTree = "<group>"; };
		B22FBEFF275FFCB200DA71C8 /* TargetPerson.storyboard */ = {isa = PBXFileReference; lastKnownFileType = file.storyboard; path = TargetPerson.storyboard; sourceTree = "<group>"; };
		B22FBF01275FFCC900DA71C8 /* InputTargetPerson.storyboard */ = {isa = PBXFileReference; lastKnownFileType = file.storyboard; path = InputTargetPerson.storyboard; sourceTree = "<group>"; };
		B237714B275EA64D00A48640 /* FunctionalIndependenceMeasure.app */ = {isa = PBXFileReference; explicitFileType = wrapper.application; includeInIndex = 0; path = FunctionalIndependenceMeasure.app; sourceTree = BUILT_PRODUCTS_DIR; };
		B237714E275EA64D00A48640 /* AppDelegate.swift */ = {isa = PBXFileReference; lastKnownFileType = sourcecode.swift; path = AppDelegate.swift; sourceTree = "<group>"; };
		B2377150275EA64D00A48640 /* SceneDelegate.swift */ = {isa = PBXFileReference; lastKnownFileType = sourcecode.swift; path = SceneDelegate.swift; sourceTree = "<group>"; };
		B2377155275EA64D00A48640 /* Base */ = {isa = PBXFileReference; lastKnownFileType = file.storyboard; name = Base; path = Base.lproj/Main.storyboard; sourceTree = "<group>"; };
		B2377157275EA64E00A48640 /* Assets.xcassets */ = {isa = PBXFileReference; lastKnownFileType = folder.assetcatalog; path = Assets.xcassets; sourceTree = "<group>"; };
		B237715A275EA64E00A48640 /* Base */ = {isa = PBXFileReference; lastKnownFileType = file.storyboard; name = Base; path = Base.lproj/LaunchScreen.storyboard; sourceTree = "<group>"; };
		B237715C275EA64E00A48640 /* Info.plist */ = {isa = PBXFileReference; lastKnownFileType = text.plist.xml; path = Info.plist; sourceTree = "<group>"; };
		B2377162275EA67A00A48640 /* AssessorTableViewController.swift */ = {isa = PBXFileReference; lastKnownFileType = sourcecode.swift; path = AssessorTableViewController.swift; sourceTree = "<group>"; };
		B2377164275EA6BC00A48640 /* TargetPersonTableViewController.swift */ = {isa = PBXFileReference; lastKnownFileType = sourcecode.swift; path = TargetPersonTableViewController.swift; sourceTree = "<group>"; };
		B2377166275EA6E200A48640 /* InputAssessorViewController.swift */ = {isa = PBXFileReference; lastKnownFileType = sourcecode.swift; path = InputAssessorViewController.swift; sourceTree = "<group>"; };
		B237716C275EA97000A48640 /* FunctionSelectionViewController.swift */ = {isa = PBXFileReference; lastKnownFileType = sourcecode.swift; path = FunctionSelectionViewController.swift; sourceTree = "<group>"; };
		B237716E275EAA0F00A48640 /* AssessmentViewController.swift */ = {isa = PBXFileReference; lastKnownFileType = sourcecode.swift; path = AssessmentViewController.swift; sourceTree = "<group>"; };
		B2377170275EAA2F00A48640 /* FIMViewController.swift */ = {isa = PBXFileReference; lastKnownFileType = sourcecode.swift; path = FIMViewController.swift; sourceTree = "<group>"; };
		B2377172275EAA4500A48640 /* InputFIMViewController.swift */ = {isa = PBXFileReference; lastKnownFileType = sourcecode.swift; path = InputFIMViewController.swift; sourceTree = "<group>"; };
		B2377174275EAAB100A48640 /* FIMTableViewController.swift */ = {isa = PBXFileReference; lastKnownFileType = sourcecode.swift; path = FIMTableViewController.swift; sourceTree = "<group>"; };
		B2377179275EAB8F00A48640 /* AssessorTableViewCell.swift */ = {isa = PBXFileReference; lastKnownFileType = sourcecode.swift; path = AssessorTableViewCell.swift; sourceTree = "<group>"; };
		B237717B275EABA300A48640 /* TargetPersonTableViewCell.swift */ = {isa = PBXFileReference; lastKnownFileType = sourcecode.swift; path = TargetPersonTableViewCell.swift; sourceTree = "<group>"; };
		B237717D275EABB600A48640 /* FIMTableViewCell.swift */ = {isa = PBXFileReference; lastKnownFileType = sourcecode.swift; path = FIMTableViewCell.swift; sourceTree = "<group>"; };
		B2377180275EACD200A48640 /* FIM.swift */ = {isa = PBXFileReference; lastKnownFileType = sourcecode.swift; path = FIM.swift; sourceTree = "<group>"; };
		B2377182275EACE400A48640 /* FIMRepository.swift */ = {isa = PBXFileReference; lastKnownFileType = sourcecode.swift; path = FIMRepository.swift; sourceTree = "<group>"; };
		B2377185275EBF4000A48640 /* InputTargetPersonViewController.swift */ = {isa = PBXFileReference; lastKnownFileType = sourcecode.swift; path = InputTargetPersonViewController.swift; sourceTree = "<group>"; };
		B23EA88A27614BC2000B64C7 /* FunctionSelection.storyboard */ = {isa = PBXFileReference; lastKnownFileType = file.storyboard; path = FunctionSelection.storyboard; sourceTree = "<group>"; };
		B2549E3F276E84760026127D /* FIM.storyboard */ = {isa = PBXFileReference; lastKnownFileType = file.storyboard; path = FIM.storyboard; sourceTree = "<group>"; };
		B5D873669A06498340DC49B0 /* Pods_FunctionalIndependenceMeasure.framework */ = {isa = PBXFileReference; explicitFileType = wrapper.framework; includeInIndex = 0; path = Pods_FunctionalIndependenceMeasure.framework; sourceTree = BUILT_PRODUCTS_DIR; };
		B651F3ECDBB9AA1F5A0B30F6 /* Pods-FunctionalIndependenceMeasure.release.xcconfig */ = {isa = PBXFileReference; includeInIndex = 1; lastKnownFileType = text.xcconfig; name = "Pods-FunctionalIndependenceMeasure.release.xcconfig"; path = "Target Support Files/Pods-FunctionalIndependenceMeasure/Pods-FunctionalIndependenceMeasure.release.xcconfig"; sourceTree = "<group>"; };
/* End PBXFileReference section */

/* Begin PBXFrameworksBuildPhase section */
		B2377148275EA64D00A48640 /* Frameworks */ = {
			isa = PBXFrameworksBuildPhase;
			buildActionMask = 2147483647;
			files = (
				4F5D4E73540AFA0564D74F4A /* Pods_FunctionalIndependenceMeasure.framework in Frameworks */,
			);
			runOnlyForDeploymentPostprocessing = 0;
		};
/* End PBXFrameworksBuildPhase section */

/* Begin PBXGroup section */
		5B78FB1E3382AAAE84D8098D /* Frameworks */ = {
			isa = PBXGroup;
			children = (
				B5D873669A06498340DC49B0 /* Pods_FunctionalIndependenceMeasure.framework */,
			);
			name = Frameworks;
			sourceTree = "<group>";
		};
		B2377142275EA64D00A48640 = {
			isa = PBXGroup;
			children = (
				B237714D275EA64D00A48640 /* FunctionalIndependenceMeasure */,
				B2377157275EA64E00A48640 /* Assets.xcassets */,
				B2377159275EA64E00A48640 /* LaunchScreen.storyboard */,
				B237715C275EA64E00A48640 /* Info.plist */,
				B237714C275EA64D00A48640 /* Products */,
				D903B93819F5545EF620C84B /* Pods */,
				5B78FB1E3382AAAE84D8098D /* Frameworks */,
			);
			sourceTree = "<group>";
		};
		B237714C275EA64D00A48640 /* Products */ = {
			isa = PBXGroup;
			children = (
				B237714B275EA64D00A48640 /* FunctionalIndependenceMeasure.app */,
			);
			name = Products;
			sourceTree = "<group>";
		};
		B237714D275EA64D00A48640 /* FunctionalIndependenceMeasure */ = {
			isa = PBXGroup;
			children = (
				B237714E275EA64D00A48640 /* AppDelegate.swift */,
				B2377150275EA64D00A48640 /* SceneDelegate.swift */,
				B2377184275EACF100A48640 /* FIMRepository */,
				B2377176275EAAD400A48640 /* Assessor */,
				B2377177275EAAFC00A48640 /* TargetPerson */,
				B237717F275EAC0100A48640 /* Assessment */,
				B2377178275EAB2100A48640 /* FIM */,
			);
			path = FunctionalIndependenceMeasure;
			sourceTree = "<group>";
		};
		B2377176275EAAD400A48640 /* Assessor */ = {
			isa = PBXGroup;
			children = (
				B2377179275EAB8F00A48640 /* AssessorTableViewCell.swift */,
				B2377162275EA67A00A48640 /* AssessorTableViewController.swift */,
				B2377166275EA6E200A48640 /* InputAssessorViewController.swift */,
				B2377154275EA64D00A48640 /* Main.storyboard */,
				B22FBEFD275FFA8600DA71C8 /* InputAssessor.storyboard */,
			);
			path = Assessor;
			sourceTree = "<group>";
		};
		B2377177275EAAFC00A48640 /* TargetPerson */ = {
			isa = PBXGroup;
			children = (
				B2377164275EA6BC00A48640 /* TargetPersonTableViewController.swift */,
				B237717B275EABA300A48640 /* TargetPersonTableViewCell.swift */,
				B2377185275EBF4000A48640 /* InputTargetPersonViewController.swift */,
				B22FBEFF275FFCB200DA71C8 /* TargetPerson.storyboard */,
				B22FBF01275FFCC900DA71C8 /* InputTargetPerson.storyboard */,
			);
			path = TargetPerson;
			sourceTree = "<group>";
		};
		B2377178275EAB2100A48640 /* FIM */ = {
			isa = PBXGroup;
			children = (
				B2377174275EAAB100A48640 /* FIMTableViewController.swift */,
				B237717D275EABB600A48640 /* FIMTableViewCell.swift */,
				B2377170275EAA2F00A48640 /* FIMViewController.swift */,
				B2377172275EAA4500A48640 /* InputFIMViewController.swift */,
				B20E68DC276DB723008CD04E /* FIMTable.storyboard */,
				B20E68DF276DB74D008CD04E /* InputFIM.storyboard */,
				B2549E3F276E84760026127D /* FIM.storyboard */,
			);
			path = FIM;
			sourceTree = "<group>";
		};
		B237717F275EAC0100A48640 /* Assessment */ = {
			isa = PBXGroup;
			children = (
				B237716C275EA97000A48640 /* FunctionSelectionViewController.swift */,
				B237716E275EAA0F00A48640 /* AssessmentViewController.swift */,
				B20E68E1276DBDE9008CD04E /* FIM.json */,
				B23EA88A27614BC2000B64C7 /* FunctionSelection.storyboard */,
				B20E68DA276DB6C1008CD04E /* Assessment.storyboard */,
			);
			path = Assessment;
			sourceTree = "<group>";
		};
		B2377184275EACF100A48640 /* FIMRepository */ = {
			isa = PBXGroup;
			children = (
				B2377180275EACD200A48640 /* FIM.swift */,
				B2377182275EACE400A48640 /* FIMRepository.swift */,
			);
			path = FIMRepository;
			sourceTree = "<group>";
		};
		D903B93819F5545EF620C84B /* Pods */ = {
			isa = PBXGroup;
			children = (
				4D8B94B1CE89B91CB532BA3A /* Pods-FunctionalIndependenceMeasure.debug.xcconfig */,
				B651F3ECDBB9AA1F5A0B30F6 /* Pods-FunctionalIndependenceMeasure.release.xcconfig */,
			);
			path = Pods;
			sourceTree = "<group>";
		};
/* End PBXGroup section */

/* Begin PBXNativeTarget section */
		B237714A275EA64D00A48640 /* FunctionalIndependenceMeasure */ = {
			isa = PBXNativeTarget;
			buildConfigurationList = B237715F275EA64E00A48640 /* Build configuration list for PBXNativeTarget "FunctionalIndependenceMeasure" */;
			buildPhases = (
				7D36BF44F1970119FDCF88BA /* [CP] Check Pods Manifest.lock */,
				B2377147275EA64D00A48640 /* Sources */,
				B2377148275EA64D00A48640 /* Frameworks */,
				B2377149275EA64D00A48640 /* Resources */,
				86C6F43E0D9FB8E1D8418381 /* [CP] Embed Pods Frameworks */,
			);
			buildRules = (
			);
			dependencies = (
			);
			name = FunctionalIndependenceMeasure;
			productName = "Functional Independence Measure";
			productReference = B237714B275EA64D00A48640 /* FunctionalIndependenceMeasure.app */;
			productType = "com.apple.product-type.application";
		};
/* End PBXNativeTarget section */

/* Begin PBXProject section */
		B2377143275EA64D00A48640 /* Project object */ = {
			isa = PBXProject;
			attributes = {
				BuildIndependentTargetsInParallel = 1;
				LastSwiftUpdateCheck = 1310;
				LastUpgradeCheck = 1310;
				TargetAttributes = {
					B237714A275EA64D00A48640 = {
						CreatedOnToolsVersion = 13.1;
					};
				};
			};
			buildConfigurationList = B2377146275EA64D00A48640 /* Build configuration list for PBXProject "FunctionalIndependenceMeasure" */;
			compatibilityVersion = "Xcode 13.0";
			developmentRegion = en;
			hasScannedForEncodings = 0;
			knownRegions = (
				en,
				Base,
			);
			mainGroup = B2377142275EA64D00A48640;
			productRefGroup = B237714C275EA64D00A48640 /* Products */;
			projectDirPath = "";
			projectRoot = "";
			targets = (
				B237714A275EA64D00A48640 /* FunctionalIndependenceMeasure */,
			);
		};
/* End PBXProject section */

/* Begin PBXResourcesBuildPhase section */
		B2377149275EA64D00A48640 /* Resources */ = {
			isa = PBXResourcesBuildPhase;
			buildActionMask = 2147483647;
			files = (
				B237715B275EA64E00A48640 /* LaunchScreen.storyboard in Resources */,
				B2549E40276E84760026127D /* FIM.storyboard in Resources */,
				B22FBF02275FFCC900DA71C8 /* InputTargetPerson.storyboard in Resources */,
				B20E68DB276DB6C1008CD04E /* Assessment.storyboard in Resources */,
				B2377158275EA64E00A48640 /* Assets.xcassets in Resources */,
				B20E68E2276DBDEA008CD04E /* FIM.json in Resources */,
				B20E68E0276DB74E008CD04E /* InputFIM.storyboard in Resources */,
				B20E68DD276DB723008CD04E /* FIMTable.storyboard in Resources */,
				B22FBF00275FFCB200DA71C8 /* TargetPerson.storyboard in Resources */,
				B22FBEFE275FFA8600DA71C8 /* InputAssessor.storyboard in Resources */,
				B23EA88B27614BC2000B64C7 /* FunctionSelection.storyboard in Resources */,
				B2377156275EA64D00A48640 /* Main.storyboard in Resources */,
			);
			runOnlyForDeploymentPostprocessing = 0;
		};
/* End PBXResourcesBuildPhase section */

/* Begin PBXShellScriptBuildPhase section */
		7D36BF44F1970119FDCF88BA /* [CP] Check Pods Manifest.lock */ = {
			isa = PBXShellScriptBuildPhase;
			buildActionMask = 2147483647;
			files = (
			);
			inputFileListPaths = (
			);
			inputPaths = (
				"${PODS_PODFILE_DIR_PATH}/Podfile.lock",
				"${PODS_ROOT}/Manifest.lock",
			);
			name = "[CP] Check Pods Manifest.lock";
			outputFileListPaths = (
			);
			outputPaths = (
				"$(DERIVED_FILE_DIR)/Pods-FunctionalIndependenceMeasure-checkManifestLockResult.txt",
			);
			runOnlyForDeploymentPostprocessing = 0;
			shellPath = /bin/sh;
			shellScript = "diff \"${PODS_PODFILE_DIR_PATH}/Podfile.lock\" \"${PODS_ROOT}/Manifest.lock\" > /dev/null\nif [ $? != 0 ] ; then\n    # print error to STDERR\n    echo \"error: The sandbox is not in sync with the Podfile.lock. Run 'pod install' or update your CocoaPods installation.\" >&2\n    exit 1\nfi\n# This output is used by Xcode 'outputs' to avoid re-running this script phase.\necho \"SUCCESS\" > \"${SCRIPT_OUTPUT_FILE_0}\"\n";
			showEnvVarsInLog = 0;
		};
		86C6F43E0D9FB8E1D8418381 /* [CP] Embed Pods Frameworks */ = {
			isa = PBXShellScriptBuildPhase;
			buildActionMask = 2147483647;
			files = (
			);
			inputFileListPaths = (
				"${PODS_ROOT}/Target Support Files/Pods-FunctionalIndependenceMeasure/Pods-FunctionalIndependenceMeasure-frameworks-${CONFIGURATION}-input-files.xcfilelist",
			);
			name = "[CP] Embed Pods Frameworks";
			outputFileListPaths = (
				"${PODS_ROOT}/Target Support Files/Pods-FunctionalIndependenceMeasure/Pods-FunctionalIndependenceMeasure-frameworks-${CONFIGURATION}-output-files.xcfilelist",
			);
			runOnlyForDeploymentPostprocessing = 0;
			shellPath = /bin/sh;
			shellScript = "\"${PODS_ROOT}/Target Support Files/Pods-FunctionalIndependenceMeasure/Pods-FunctionalIndependenceMeasure-frameworks.sh\"\n";
			showEnvVarsInLog = 0;
		};
/* End PBXShellScriptBuildPhase section */

/* Begin PBXSourcesBuildPhase section */
		B2377147275EA64D00A48640 /* Sources */ = {
			isa = PBXSourcesBuildPhase;
			buildActionMask = 2147483647;
			files = (
				B2377167275EA6E300A48640 /* InputAssessorViewController.swift in Sources */,
				B237717C275EABA300A48640 /* TargetPersonTableViewCell.swift in Sources */,
				B237717A275EAB8F00A48640 /* AssessorTableViewCell.swift in Sources */,
				B2377175275EAAB100A48640 /* FIMTableViewController.swift in Sources */,
				B237716F275EAA0F00A48640 /* AssessmentViewController.swift in Sources */,
				B2377171275EAA2F00A48640 /* FIMViewController.swift in Sources */,
				B2377165275EA6BC00A48640 /* TargetPersonTableViewController.swift in Sources */,
				B237716D275EA97000A48640 /* FunctionSelectionViewController.swift in Sources */,
				B2377181275EACD200A48640 /* FIM.swift in Sources */,
				B2377183275EACE400A48640 /* FIMRepository.swift in Sources */,
				B237714F275EA64D00A48640 /* AppDelegate.swift in Sources */,
				B237717E275EABB600A48640 /* FIMTableViewCell.swift in Sources */,
				B2377163275EA67A00A48640 /* AssessorTableViewController.swift in Sources */,
				B2377186275EBF4000A48640 /* InputTargetPersonViewController.swift in Sources */,
				B2377151275EA64D00A48640 /* SceneDelegate.swift in Sources */,
				B2377173275EAA4500A48640 /* InputFIMViewController.swift in Sources */,
			);
			runOnlyForDeploymentPostprocessing = 0;
		};
/* End PBXSourcesBuildPhase section */

/* Begin PBXVariantGroup section */
		B2377154275EA64D00A48640 /* Main.storyboard */ = {
			isa = PBXVariantGroup;
			children = (
				B2377155275EA64D00A48640 /* Base */,
			);
			name = Main.storyboard;
			sourceTree = "<group>";
		};
		B2377159275EA64E00A48640 /* LaunchScreen.storyboard */ = {
			isa = PBXVariantGroup;
			children = (
				B237715A275EA64E00A48640 /* Base */,
			);
			name = LaunchScreen.storyboard;
			sourceTree = "<group>";
		};
/* End PBXVariantGroup section */

/* Begin XCBuildConfiguration section */
		B237715D275EA64E00A48640 /* Debug */ = {
			isa = XCBuildConfiguration;
			buildSettings = {
				ALWAYS_SEARCH_USER_PATHS = NO;
				CLANG_ANALYZER_NONNULL = YES;
				CLANG_ANALYZER_NUMBER_OBJECT_CONVERSION = YES_AGGRESSIVE;
				CLANG_CXX_LANGUAGE_STANDARD = "gnu++17";
				CLANG_CXX_LIBRARY = "libc++";
				CLANG_ENABLE_MODULES = YES;
				CLANG_ENABLE_OBJC_ARC = YES;
				CLANG_ENABLE_OBJC_WEAK = YES;
				CLANG_WARN_BLOCK_CAPTURE_AUTORELEASING = YES;
				CLANG_WARN_BOOL_CONVERSION = YES;
				CLANG_WARN_COMMA = YES;
				CLANG_WARN_CONSTANT_CONVERSION = YES;
				CLANG_WARN_DEPRECATED_OBJC_IMPLEMENTATIONS = YES;
				CLANG_WARN_DIRECT_OBJC_ISA_USAGE = YES_ERROR;
				CLANG_WARN_DOCUMENTATION_COMMENTS = YES;
				CLANG_WARN_EMPTY_BODY = YES;
				CLANG_WARN_ENUM_CONVERSION = YES;
				CLANG_WARN_INFINITE_RECURSION = YES;
				CLANG_WARN_INT_CONVERSION = YES;
				CLANG_WARN_NON_LITERAL_NULL_CONVERSION = YES;
				CLANG_WARN_OBJC_IMPLICIT_RETAIN_SELF = YES;
				CLANG_WARN_OBJC_LITERAL_CONVERSION = YES;
				CLANG_WARN_OBJC_ROOT_CLASS = YES_ERROR;
				CLANG_WARN_QUOTED_INCLUDE_IN_FRAMEWORK_HEADER = YES;
				CLANG_WARN_RANGE_LOOP_ANALYSIS = YES;
				CLANG_WARN_STRICT_PROTOTYPES = YES;
				CLANG_WARN_SUSPICIOUS_MOVE = YES;
				CLANG_WARN_UNGUARDED_AVAILABILITY = YES_AGGRESSIVE;
				CLANG_WARN_UNREACHABLE_CODE = YES;
				CLANG_WARN__DUPLICATE_METHOD_MATCH = YES;
				COPY_PHASE_STRIP = NO;
				DEBUG_INFORMATION_FORMAT = dwarf;
				ENABLE_STRICT_OBJC_MSGSEND = YES;
				ENABLE_TESTABILITY = YES;
				GCC_C_LANGUAGE_STANDARD = gnu11;
				GCC_DYNAMIC_NO_PIC = NO;
				GCC_NO_COMMON_BLOCKS = YES;
				GCC_OPTIMIZATION_LEVEL = 0;
				GCC_PREPROCESSOR_DEFINITIONS = (
					"DEBUG=1",
					"$(inherited)",
				);
				GCC_WARN_64_TO_32_BIT_CONVERSION = YES;
				GCC_WARN_ABOUT_RETURN_TYPE = YES_ERROR;
				GCC_WARN_UNDECLARED_SELECTOR = YES;
				GCC_WARN_UNINITIALIZED_AUTOS = YES_AGGRESSIVE;
				GCC_WARN_UNUSED_FUNCTION = YES;
				GCC_WARN_UNUSED_VARIABLE = YES;
				IPHONEOS_DEPLOYMENT_TARGET = 15.0;
				MTL_ENABLE_DEBUG_INFO = INCLUDE_SOURCE;
				MTL_FAST_MATH = YES;
				ONLY_ACTIVE_ARCH = YES;
				SDKROOT = iphoneos;
				SWIFT_ACTIVE_COMPILATION_CONDITIONS = DEBUG;
				SWIFT_OPTIMIZATION_LEVEL = "-Onone";
			};
			name = Debug;
		};
		B237715E275EA64E00A48640 /* Release */ = {
			isa = XCBuildConfiguration;
			buildSettings = {
				ALWAYS_SEARCH_USER_PATHS = NO;
				CLANG_ANALYZER_NONNULL = YES;
				CLANG_ANALYZER_NUMBER_OBJECT_CONVERSION = YES_AGGRESSIVE;
				CLANG_CXX_LANGUAGE_STANDARD = "gnu++17";
				CLANG_CXX_LIBRARY = "libc++";
				CLANG_ENABLE_MODULES = YES;
				CLANG_ENABLE_OBJC_ARC = YES;
				CLANG_ENABLE_OBJC_WEAK = YES;
				CLANG_WARN_BLOCK_CAPTURE_AUTORELEASING = YES;
				CLANG_WARN_BOOL_CONVERSION = YES;
				CLANG_WARN_COMMA = YES;
				CLANG_WARN_CONSTANT_CONVERSION = YES;
				CLANG_WARN_DEPRECATED_OBJC_IMPLEMENTATIONS = YES;
				CLANG_WARN_DIRECT_OBJC_ISA_USAGE = YES_ERROR;
				CLANG_WARN_DOCUMENTATION_COMMENTS = YES;
				CLANG_WARN_EMPTY_BODY = YES;
				CLANG_WARN_ENUM_CONVERSION = YES;
				CLANG_WARN_INFINITE_RECURSION = YES;
				CLANG_WARN_INT_CONVERSION = YES;
				CLANG_WARN_NON_LITERAL_NULL_CONVERSION = YES;
				CLANG_WARN_OBJC_IMPLICIT_RETAIN_SELF = YES;
				CLANG_WARN_OBJC_LITERAL_CONVERSION = YES;
				CLANG_WARN_OBJC_ROOT_CLASS = YES_ERROR;
				CLANG_WARN_QUOTED_INCLUDE_IN_FRAMEWORK_HEADER = YES;
				CLANG_WARN_RANGE_LOOP_ANALYSIS = YES;
				CLANG_WARN_STRICT_PROTOTYPES = YES;
				CLANG_WARN_SUSPICIOUS_MOVE = YES;
				CLANG_WARN_UNGUARDED_AVAILABILITY = YES_AGGRESSIVE;
				CLANG_WARN_UNREACHABLE_CODE = YES;
				CLANG_WARN__DUPLICATE_METHOD_MATCH = YES;
				COPY_PHASE_STRIP = NO;
				DEBUG_INFORMATION_FORMAT = "dwarf-with-dsym";
				ENABLE_NS_ASSERTIONS = NO;
				ENABLE_STRICT_OBJC_MSGSEND = YES;
				GCC_C_LANGUAGE_STANDARD = gnu11;
				GCC_NO_COMMON_BLOCKS = YES;
				GCC_WARN_64_TO_32_BIT_CONVERSION = YES;
				GCC_WARN_ABOUT_RETURN_TYPE = YES_ERROR;
				GCC_WARN_UNDECLARED_SELECTOR = YES;
				GCC_WARN_UNINITIALIZED_AUTOS = YES_AGGRESSIVE;
				GCC_WARN_UNUSED_FUNCTION = YES;
				GCC_WARN_UNUSED_VARIABLE = YES;
				IPHONEOS_DEPLOYMENT_TARGET = 15.0;
				MTL_ENABLE_DEBUG_INFO = NO;
				MTL_FAST_MATH = YES;
				SDKROOT = iphoneos;
				SWIFT_COMPILATION_MODE = wholemodule;
				SWIFT_OPTIMIZATION_LEVEL = "-O";
				VALIDATE_PRODUCT = YES;
			};
			name = Release;
		};
		B2377160275EA64E00A48640 /* Debug */ = {
			isa = XCBuildConfiguration;
			baseConfigurationReference = 4D8B94B1CE89B91CB532BA3A /* Pods-FunctionalIndependenceMeasure.debug.xcconfig */;
			buildSettings = {
				ASSETCATALOG_COMPILER_APPICON_NAME = AppIcon;
				ASSETCATALOG_COMPILER_GLOBAL_ACCENT_COLOR_NAME = AccentColor;
				CODE_SIGN_STYLE = Automatic;
				CURRENT_PROJECT_VERSION = 1;
				DEVELOPMENT_TEAM = DJ7VR35KC8;
				GENERATE_INFOPLIST_FILE = YES;
				INFOPLIST_FILE = FunctionalIndependenceMeasure/Info.plist;
				INFOPLIST_KEY_UIApplicationSupportsIndirectInputEvents = YES;
				INFOPLIST_KEY_UILaunchStoryboardName = LaunchScreen;
				INFOPLIST_KEY_UIMainStoryboardFile = Main;
				INFOPLIST_KEY_UISupportedInterfaceOrientations_iPad = "UIInterfaceOrientationPortrait UIInterfaceOrientationPortraitUpsideDown UIInterfaceOrientationLandscapeLeft UIInterfaceOrientationLandscapeRight";
				INFOPLIST_KEY_UISupportedInterfaceOrientations_iPhone = "UIInterfaceOrientationPortrait UIInterfaceOrientationLandscapeLeft UIInterfaceOrientationLandscapeRight";
				LD_RUNPATH_SEARCH_PATHS = (
					"$(inherited)",
					"@executable_path/Frameworks",
				);
				MARKETING_VERSION = 1.0;
				PRODUCT_BUNDLE_IDENTIFIER = com.muranaka.FunctionalIndependenceMeasure;
				PRODUCT_NAME = "$(TARGET_NAME)";
				SWIFT_EMIT_LOC_STRINGS = YES;
				SWIFT_VERSION = 5.0;
				TARGETED_DEVICE_FAMILY = "1,2";
			};
			name = Debug;
		};
		B2377161275EA64E00A48640 /* Release */ = {
			isa = XCBuildConfiguration;
			baseConfigurationReference = B651F3ECDBB9AA1F5A0B30F6 /* Pods-FunctionalIndependenceMeasure.release.xcconfig */;
			buildSettings = {
				ASSETCATALOG_COMPILER_APPICON_NAME = AppIcon;
				ASSETCATALOG_COMPILER_GLOBAL_ACCENT_COLOR_NAME = AccentColor;
				CODE_SIGN_STYLE = Automatic;
				CURRENT_PROJECT_VERSION = 1;
				DEVELOPMENT_TEAM = DJ7VR35KC8;
				GENERATE_INFOPLIST_FILE = YES;
				INFOPLIST_FILE = FunctionalIndependenceMeasure/Info.plist;
				INFOPLIST_KEY_UIApplicationSupportsIndirectInputEvents = YES;
				INFOPLIST_KEY_UILaunchStoryboardName = LaunchScreen;
				INFOPLIST_KEY_UIMainStoryboardFile = Main;
				INFOPLIST_KEY_UISupportedInterfaceOrientations_iPad = "UIInterfaceOrientationPortrait UIInterfaceOrientationPortraitUpsideDown UIInterfaceOrientationLandscapeLeft UIInterfaceOrientationLandscapeRight";
				INFOPLIST_KEY_UISupportedInterfaceOrientations_iPhone = "UIInterfaceOrientationPortrait UIInterfaceOrientationLandscapeLeft UIInterfaceOrientationLandscapeRight";
				LD_RUNPATH_SEARCH_PATHS = (
					"$(inherited)",
					"@executable_path/Frameworks",
				);
				MARKETING_VERSION = 1.0;
				PRODUCT_BUNDLE_IDENTIFIER = com.muranaka.FunctionalIndependenceMeasure;
				PRODUCT_NAME = "$(TARGET_NAME)";
				SWIFT_EMIT_LOC_STRINGS = YES;
				SWIFT_VERSION = 5.0;
				TARGETED_DEVICE_FAMILY = "1,2";
			};
			name = Release;
		};
/* End XCBuildConfiguration section */

/* Begin XCConfigurationList section */
		B2377146275EA64D00A48640 /* Build configuration list for PBXProject "FunctionalIndependenceMeasure" */ = {
			isa = XCConfigurationList;
			buildConfigurations = (
				B237715D275EA64E00A48640 /* Debug */,
				B237715E275EA64E00A48640 /* Release */,
			);
			defaultConfigurationIsVisible = 0;
			defaultConfigurationName = Release;
		};
		B237715F275EA64E00A48640 /* Build configuration list for PBXNativeTarget "FunctionalIndependenceMeasure" */ = {
			isa = XCConfigurationList;
			buildConfigurations = (
				B2377160275EA64E00A48640 /* Debug */,
				B2377161275EA64E00A48640 /* Release */,
			);
			defaultConfigurationIsVisible = 0;
			defaultConfigurationName = Release;
		};
/* End XCConfigurationList section */
	};
	rootObject = B2377143275EA64D00A48640 /* Project object */;
}
